
Microsoft Visual Studio Solution File, Format Version 12.00
# Visual Studio 14
VisualStudioVersion = 14.0.25420.1
MinimumVisualStudioVersion = 10.0.40219.1
Project("{FAE04EC0-301F-11D3-BF4B-00C04F79EFBC}") = "Satranc_Gezinme", "Satranc_Gezinme\Satranc_Gezinme.csproj", "{0B72B282-3484-449F-A081-108DAA0C03F5}"
EndProject
Global
	GlobalSection(SolutionConfigurationPlatforms) = preSolution
		Debug|Any CPU = Debug|Any CPU
		Release|Any CPU = Release|Any CPU
	EndGlobalSection
	GlobalSection(ProjectConfigurationPlatforms) = postSolution
		{0B72B282-3484-449F-A081-108DAA0C03F5}.Debug|Any CPU.ActiveCfg = Debug|Any CPU
		{0B72B282-3484-449F-A081-108DAA0C03F5}.Debug|Any CPU.Build.0 = Debug|Any CPU
		{0B72B282-3484-449F-A081-108DAA0C03F5}.Release|Any CPU.ActiveCfg = Release|Any CPU
		{0B72B282-3484-449F-A081-108DAA0C03F5}.Release|Any CPU.Build.0 = Release|Any CPU
	EndGlobalSection
	GlobalSection(SolutionProperties) = preSolution
		HideSolutionNode = FALSE
	EndGlobalSection
EndGlobal
